// !$*UTF8*$!
{
	archiveVersion = 1;
	classes = {
	};
	objectVersion = 56;
	objects = {

/* Begin PBXBuildFile section */
		57771B9B2BAAC25F009C3E1E /* MC1_projectApp.swift in Sources */ = {isa = PBXBuildFile; fileRef = 57771B9A2BAAC25F009C3E1E /* MC1_projectApp.swift */; };
		57771B9F2BAAC260009C3E1E /* Assets.xcassets in Resources */ = {isa = PBXBuildFile; fileRef = 57771B9E2BAAC260009C3E1E /* Assets.xcassets */; };
		57771BA22BAAC260009C3E1E /* Preview Assets.xcassets in Resources */ = {isa = PBXBuildFile; fileRef = 57771BA12BAAC260009C3E1E /* Preview Assets.xcassets */; };
		57771BAB2BAAC490009C3E1E /* Place.swift in Sources */ = {isa = PBXBuildFile; fileRef = 57771BAA2BAAC490009C3E1E /* Place.swift */; };
		57771BAD2BAAC4A8009C3E1E /* Diary.swift in Sources */ = {isa = PBXBuildFile; fileRef = 57771BAC2BAAC4A8009C3E1E /* Diary.swift */; };
		57771BAF2BAAC80F009C3E1E /* HomeView.swift in Sources */ = {isa = PBXBuildFile; fileRef = 57771B9C2BAAC25F009C3E1E /* HomeView.swift */; };
		57771BB12BAAC885009C3E1E /* HomeViewModel.swift in Sources */ = {isa = PBXBuildFile; fileRef = 57771BB02BAAC885009C3E1E /* HomeViewModel.swift */; };
		57EAF1F22BAACFC80041EC3D /* OnboardingView.swift in Sources */ = {isa = PBXBuildFile; fileRef = 57EAF1F12BAACFC80041EC3D /* OnboardingView.swift */; };
		57EAF1F42BAAD0060041EC3D /* OnboardingViewModel.swift in Sources */ = {isa = PBXBuildFile; fileRef = 57EAF1F32BAAD0060041EC3D /* OnboardingViewModel.swift */; };
		57EAF1FB2BABF7A40041EC3D /* Color.xcassets in Resources */ = {isa = PBXBuildFile; fileRef = 57EAF1FA2BABF7A40041EC3D /* Color.xcassets */; };
		57EAF2032BAC08B40041EC3D /* CustomNavigationBar.swift in Sources */ = {isa = PBXBuildFile; fileRef = 57EAF2022BAC08B40041EC3D /* CustomNavigationBar.swift */; };
		57EAF2052BAC09030041EC3D /* NavigationBarButtonType.swift in Sources */ = {isa = PBXBuildFile; fileRef = 57EAF2042BAC09030041EC3D /* NavigationBarButtonType.swift */; };
		57EAF2082BAC0C910041EC3D /* DiaryListView.swift in Sources */ = {isa = PBXBuildFile; fileRef = 57EAF2072BAC0C910041EC3D /* DiaryListView.swift */; };
		57EAF20E2BAD26E00041EC3D /* String+Ext.swift in Sources */ = {isa = PBXBuildFile; fileRef = 57EAF20D2BAD26E00041EC3D /* String+Ext.swift */; };
		57EAF2102BAD26E70041EC3D /* Date+Ext.swift in Sources */ = {isa = PBXBuildFile; fileRef = 57EAF20F2BAD26E70041EC3D /* Date+Ext.swift */; };
		57EAF2142BAD49550041EC3D /* DiaryListViewModel.swift in Sources */ = {isa = PBXBuildFile; fileRef = 57EAF2132BAD49540041EC3D /* DiaryListViewModel.swift */; };
		57EAF21C2BAE98560041EC3D /* UINavigationController+Ext.swift in Sources */ = {isa = PBXBuildFile; fileRef = 57EAF21B2BAE98560041EC3D /* UINavigationController+Ext.swift */; };
		57EAF21F2BAEAE020041EC3D /* DiaryViewModel.swift in Sources */ = {isa = PBXBuildFile; fileRef = 57EAF21E2BAEAE020041EC3D /* DiaryViewModel.swift */; };
		57EAF2212BAEAE0A0041EC3D /* DiaryView.swift in Sources */ = {isa = PBXBuildFile; fileRef = 57EAF2202BAEAE0A0041EC3D /* DiaryView.swift */; };
/* End PBXBuildFile section */

/* Begin PBXFileReference section */
		57771B972BAAC25F009C3E1E /* MC1-project.app */ = {isa = PBXFileReference; explicitFileType = wrapper.application; includeInIndex = 0; path = "MC1-project.app"; sourceTree = BUILT_PRODUCTS_DIR; };
		57771B9A2BAAC25F009C3E1E /* MC1_projectApp.swift */ = {isa = PBXFileReference; lastKnownFileType = sourcecode.swift; path = MC1_projectApp.swift; sourceTree = "<group>"; };
		57771B9C2BAAC25F009C3E1E /* HomeView.swift */ = {isa = PBXFileReference; lastKnownFileType = sourcecode.swift; path = HomeView.swift; sourceTree = "<group>"; };
		57771B9E2BAAC260009C3E1E /* Assets.xcassets */ = {isa = PBXFileReference; lastKnownFileType = folder.assetcatalog; path = Assets.xcassets; sourceTree = "<group>"; };
		57771BA12BAAC260009C3E1E /* Preview Assets.xcassets */ = {isa = PBXFileReference; lastKnownFileType = folder.assetcatalog; path = "Preview Assets.xcassets"; sourceTree = "<group>"; };
		57771BAA2BAAC490009C3E1E /* Place.swift */ = {isa = PBXFileReference; lastKnownFileType = sourcecode.swift; path = Place.swift; sourceTree = "<group>"; };
		57771BAC2BAAC4A8009C3E1E /* Diary.swift */ = {isa = PBXFileReference; lastKnownFileType = sourcecode.swift; path = Diary.swift; sourceTree = "<group>"; };
		57771BB02BAAC885009C3E1E /* HomeViewModel.swift */ = {isa = PBXFileReference; lastKnownFileType = sourcecode.swift; path = HomeViewModel.swift; sourceTree = "<group>"; };
		57EAF1F12BAACFC80041EC3D /* OnboardingView.swift */ = {isa = PBXFileReference; lastKnownFileType = sourcecode.swift; path = OnboardingView.swift; sourceTree = "<group>"; };
		57EAF1F32BAAD0060041EC3D /* OnboardingViewModel.swift */ = {isa = PBXFileReference; lastKnownFileType = sourcecode.swift; path = OnboardingViewModel.swift; sourceTree = "<group>"; };
		57EAF1FA2BABF7A40041EC3D /* Color.xcassets */ = {isa = PBXFileReference; lastKnownFileType = folder.assetcatalog; path = Color.xcassets; sourceTree = "<group>"; };
		57EAF2022BAC08B40041EC3D /* CustomNavigationBar.swift */ = {isa = PBXFileReference; lastKnownFileType = sourcecode.swift; path = CustomNavigationBar.swift; sourceTree = "<group>"; };
		57EAF2042BAC09030041EC3D /* NavigationBarButtonType.swift */ = {isa = PBXFileReference; lastKnownFileType = sourcecode.swift; path = NavigationBarButtonType.swift; sourceTree = "<group>"; };
		57EAF2072BAC0C910041EC3D /* DiaryListView.swift */ = {isa = PBXFileReference; lastKnownFileType = sourcecode.swift; path = DiaryListView.swift; sourceTree = "<group>"; };
		57EAF20D2BAD26E00041EC3D /* String+Ext.swift */ = {isa = PBXFileReference; lastKnownFileType = sourcecode.swift; path = "String+Ext.swift"; sourceTree = "<group>"; };
		57EAF20F2BAD26E70041EC3D /* Date+Ext.swift */ = {isa = PBXFileReference; lastKnownFileType = sourcecode.swift; path = "Date+Ext.swift"; sourceTree = "<group>"; };
		57EAF2132BAD49540041EC3D /* DiaryListViewModel.swift */ = {isa = PBXFileReference; lastKnownFileType = sourcecode.swift; path = DiaryListViewModel.swift; sourceTree = "<group>"; };
		57EAF21B2BAE98560041EC3D /* UINavigationController+Ext.swift */ = {isa = PBXFileReference; lastKnownFileType = sourcecode.swift; path = "UINavigationController+Ext.swift"; sourceTree = "<group>"; };
		57EAF21E2BAEAE020041EC3D /* DiaryViewModel.swift */ = {isa = PBXFileReference; lastKnownFileType = sourcecode.swift; path = DiaryViewModel.swift; sourceTree = "<group>"; };
		57EAF2202BAEAE0A0041EC3D /* DiaryView.swift */ = {isa = PBXFileReference; lastKnownFileType = sourcecode.swift; path = DiaryView.swift; sourceTree = "<group>"; };
/* End PBXFileReference section */

/* Begin PBXFrameworksBuildPhase section */
		57771B942BAAC25F009C3E1E /* Frameworks */ = {
			isa = PBXFrameworksBuildPhase;
			buildActionMask = 2147483647;
			files = (
			);
			runOnlyForDeploymentPostprocessing = 0;
		};
/* End PBXFrameworksBuildPhase section */

/* Begin PBXGroup section */
		57771B8E2BAAC25F009C3E1E = {
			isa = PBXGroup;
			children = (
				57771B992BAAC25F009C3E1E /* MC1-project */,
				57771B982BAAC25F009C3E1E /* Products */,
			);
			sourceTree = "<group>";
		};
		57771B982BAAC25F009C3E1E /* Products */ = {
			isa = PBXGroup;
			children = (
				57771B972BAAC25F009C3E1E /* MC1-project.app */,
			);
			name = Products;
			sourceTree = "<group>";
		};
		57771B992BAAC25F009C3E1E /* MC1-project */ = {
			isa = PBXGroup;
			children = (
				57771B9A2BAAC25F009C3E1E /* MC1_projectApp.swift */,
				57EAF1FF2BAC056D0041EC3D /* Component */,
				57EAF20B2BAD26C30041EC3D /* Core */,
				57771BA92BAAC28C009C3E1E /* Feature */,
				57771BA82BAAC286009C3E1E /* Model */,
				57EAF1F92BABF7960041EC3D /* Resource */,
				57771BA02BAAC260009C3E1E /* Preview Content */,
			);
			path = "MC1-project";
			sourceTree = "<group>";
		};
		57771BA02BAAC260009C3E1E /* Preview Content */ = {
			isa = PBXGroup;
			children = (
				57771BA12BAAC260009C3E1E /* Preview Assets.xcassets */,
			);
			path = "Preview Content";
			sourceTree = "<group>";
		};
		57771BA82BAAC286009C3E1E /* Model */ = {
			isa = PBXGroup;
			children = (
				57EAF1FC2BABF9960041EC3D /* Home */,
			);
			path = Model;
			sourceTree = "<group>";
		};
		57771BA92BAAC28C009C3E1E /* Feature */ = {
			isa = PBXGroup;
			children = (
				57EAF1F02BAACFB90041EC3D /* Onboarding */,
				57771BAE2BAAC583009C3E1E /* Home */,
				57EAF2062BAC0C830041EC3D /* DiaryList */,
			);
			path = Feature;
			sourceTree = "<group>";
		};
		57771BAE2BAAC583009C3E1E /* Home */ = {
			isa = PBXGroup;
			children = (
				57771B9C2BAAC25F009C3E1E /* HomeView.swift */,
				57771BB02BAAC885009C3E1E /* HomeViewModel.swift */,
			);
			path = Home;
			sourceTree = "<group>";
		};
		57EAF1F02BAACFB90041EC3D /* Onboarding */ = {
			isa = PBXGroup;
			children = (
				57EAF1F12BAACFC80041EC3D /* OnboardingView.swift */,
				57EAF1F32BAAD0060041EC3D /* OnboardingViewModel.swift */,
			);
			path = Onboarding;
			sourceTree = "<group>";
		};
		57EAF1F92BABF7960041EC3D /* Resource */ = {
			isa = PBXGroup;
			children = (
				57771B9E2BAAC260009C3E1E /* Assets.xcassets */,
				57EAF1FA2BABF7A40041EC3D /* Color.xcassets */,
			);
			path = Resource;
			sourceTree = "<group>";
		};
		57EAF1FC2BABF9960041EC3D /* Home */ = {
			isa = PBXGroup;
			children = (
				57771BAA2BAAC490009C3E1E /* Place.swift */,
				57771BAC2BAAC4A8009C3E1E /* Diary.swift */,
			);
			path = Home;
			sourceTree = "<group>";
		};
		57EAF1FF2BAC056D0041EC3D /* Component */ = {
			isa = PBXGroup;
			children = (
				57EAF2022BAC08B40041EC3D /* CustomNavigationBar.swift */,
				57EAF2042BAC09030041EC3D /* NavigationBarButtonType.swift */,
			);
			path = Component;
			sourceTree = "<group>";
		};
		57EAF2062BAC0C830041EC3D /* DiaryList */ = {
			isa = PBXGroup;
			children = (
				57EAF21D2BAEADF90041EC3D /* Diary */,
				57EAF2072BAC0C910041EC3D /* DiaryListView.swift */,
				57EAF2132BAD49540041EC3D /* DiaryListViewModel.swift */,
			);
			path = DiaryList;
			sourceTree = "<group>";
		};
		57EAF20B2BAD26C30041EC3D /* Core */ = {
			isa = PBXGroup;
			children = (
				57EAF20C2BAD26CC0041EC3D /* Extension */,
			);
			path = Core;
			sourceTree = "<group>";
		};
		57EAF20C2BAD26CC0041EC3D /* Extension */ = {
			isa = PBXGroup;
			children = (
				57EAF20D2BAD26E00041EC3D /* String+Ext.swift */,
				57EAF20F2BAD26E70041EC3D /* Date+Ext.swift */,
				57EAF21B2BAE98560041EC3D /* UINavigationController+Ext.swift */,
			);
			path = Extension;
			sourceTree = "<group>";
		};
		57EAF21D2BAEADF90041EC3D /* Diary */ = {
			isa = PBXGroup;
			children = (
				57EAF21E2BAEAE020041EC3D /* DiaryViewModel.swift */,
				57EAF2202BAEAE0A0041EC3D /* DiaryView.swift */,
			);
			path = Diary;
			sourceTree = "<group>";
		};
/* End PBXGroup section */

/* Begin PBXNativeTarget section */
		57771B962BAAC25F009C3E1E /* MC1-project */ = {
			isa = PBXNativeTarget;
			buildConfigurationList = 57771BA52BAAC260009C3E1E /* Build configuration list for PBXNativeTarget "MC1-project" */;
			buildPhases = (
				57771B932BAAC25F009C3E1E /* Sources */,
				57771B942BAAC25F009C3E1E /* Frameworks */,
				57771B952BAAC25F009C3E1E /* Resources */,
			);
			buildRules = (
			);
			dependencies = (
			);
			name = "MC1-project";
			productName = "MC1-project";
			productReference = 57771B972BAAC25F009C3E1E /* MC1-project.app */;
			productType = "com.apple.product-type.application";
		};
/* End PBXNativeTarget section */

/* Begin PBXProject section */
		57771B8F2BAAC25F009C3E1E /* Project object */ = {
			isa = PBXProject;
			attributes = {
				BuildIndependentTargetsInParallel = 1;
				LastSwiftUpdateCheck = 1530;
				LastUpgradeCheck = 1530;
				TargetAttributes = {
					57771B962BAAC25F009C3E1E = {
						CreatedOnToolsVersion = 15.3;
					};
				};
			};
			buildConfigurationList = 57771B922BAAC25F009C3E1E /* Build configuration list for PBXProject "MC1-project" */;
			compatibilityVersion = "Xcode 14.0";
			developmentRegion = en;
			hasScannedForEncodings = 0;
			knownRegions = (
				en,
				Base,
			);
			mainGroup = 57771B8E2BAAC25F009C3E1E;
			productRefGroup = 57771B982BAAC25F009C3E1E /* Products */;
			projectDirPath = "";
			projectRoot = "";
			targets = (
				57771B962BAAC25F009C3E1E /* MC1-project */,
			);
		};
/* End PBXProject section */

/* Begin PBXResourcesBuildPhase section */
		57771B952BAAC25F009C3E1E /* Resources */ = {
			isa = PBXResourcesBuildPhase;
			buildActionMask = 2147483647;
			files = (
				57771BA22BAAC260009C3E1E /* Preview Assets.xcassets in Resources */,
				57771B9F2BAAC260009C3E1E /* Assets.xcassets in Resources */,
				57EAF1FB2BABF7A40041EC3D /* Color.xcassets in Resources */,
			);
			runOnlyForDeploymentPostprocessing = 0;
		};
/* End PBXResourcesBuildPhase section */

/* Begin PBXSourcesBuildPhase section */
		57771B932BAAC25F009C3E1E /* Sources */ = {
			isa = PBXSourcesBuildPhase;
			buildActionMask = 2147483647;
			files = (
				57771BAB2BAAC490009C3E1E /* Place.swift in Sources */,
				57771B9B2BAAC25F009C3E1E /* MC1_projectApp.swift in Sources */,
				57771BAF2BAAC80F009C3E1E /* HomeView.swift in Sources */,
				57EAF21F2BAEAE020041EC3D /* DiaryViewModel.swift in Sources */,
				57EAF2102BAD26E70041EC3D /* Date+Ext.swift in Sources */,
				57EAF1F42BAAD0060041EC3D /* OnboardingViewModel.swift in Sources */,
				57EAF1F22BAACFC80041EC3D /* OnboardingView.swift in Sources */,
				57EAF2032BAC08B40041EC3D /* CustomNavigationBar.swift in Sources */,
				57EAF2052BAC09030041EC3D /* NavigationBarButtonType.swift in Sources */,
				57EAF21C2BAE98560041EC3D /* UINavigationController+Ext.swift in Sources */,
				57EAF2142BAD49550041EC3D /* DiaryListViewModel.swift in Sources */,
				57771BB12BAAC885009C3E1E /* HomeViewModel.swift in Sources */,
				57EAF2082BAC0C910041EC3D /* DiaryListView.swift in Sources */,
				57771BAD2BAAC4A8009C3E1E /* Diary.swift in Sources */,
				57EAF2212BAEAE0A0041EC3D /* DiaryView.swift in Sources */,
				57EAF20E2BAD26E00041EC3D /* String+Ext.swift in Sources */,
			);
			runOnlyForDeploymentPostprocessing = 0;
		};
/* End PBXSourcesBuildPhase section */

/* Begin XCBuildConfiguration section */
		57771BA32BAAC260009C3E1E /* Debug */ = {
			isa = XCBuildConfiguration;
			buildSettings = {
				ALWAYS_SEARCH_USER_PATHS = NO;
				ASSETCATALOG_COMPILER_GENERATE_SWIFT_ASSET_SYMBOL_EXTENSIONS = YES;
				CLANG_ANALYZER_NONNULL = YES;
				CLANG_ANALYZER_NUMBER_OBJECT_CONVERSION = YES_AGGRESSIVE;
				CLANG_CXX_LANGUAGE_STANDARD = "gnu++20";
				CLANG_ENABLE_MODULES = YES;
				CLANG_ENABLE_OBJC_ARC = YES;
				CLANG_ENABLE_OBJC_WEAK = YES;
				CLANG_WARN_BLOCK_CAPTURE_AUTORELEASING = YES;
				CLANG_WARN_BOOL_CONVERSION = YES;
				CLANG_WARN_COMMA = YES;
				CLANG_WARN_CONSTANT_CONVERSION = YES;
				CLANG_WARN_DEPRECATED_OBJC_IMPLEMENTATIONS = YES;
				CLANG_WARN_DIRECT_OBJC_ISA_USAGE = YES_ERROR;
				CLANG_WARN_DOCUMENTATION_COMMENTS = YES;
				CLANG_WARN_EMPTY_BODY = YES;
				CLANG_WARN_ENUM_CONVERSION = YES;
				CLANG_WARN_INFINITE_RECURSION = YES;
				CLANG_WARN_INT_CONVERSION = YES;
				CLANG_WARN_NON_LITERAL_NULL_CONVERSION = YES;
				CLANG_WARN_OBJC_IMPLICIT_RETAIN_SELF = YES;
				CLANG_WARN_OBJC_LITERAL_CONVERSION = YES;
				CLANG_WARN_OBJC_ROOT_CLASS = YES_ERROR;
				CLANG_WARN_QUOTED_INCLUDE_IN_FRAMEWORK_HEADER = YES;
				CLANG_WARN_RANGE_LOOP_ANALYSIS = YES;
				CLANG_WARN_STRICT_PROTOTYPES = YES;
				CLANG_WARN_SUSPICIOUS_MOVE = YES;
				CLANG_WARN_UNGUARDED_AVAILABILITY = YES_AGGRESSIVE;
				CLANG_WARN_UNREACHABLE_CODE = YES;
				CLANG_WARN__DUPLICATE_METHOD_MATCH = YES;
				COPY_PHASE_STRIP = NO;
				DEBUG_INFORMATION_FORMAT = dwarf;
				ENABLE_STRICT_OBJC_MSGSEND = YES;
				ENABLE_TESTABILITY = YES;
				ENABLE_USER_SCRIPT_SANDBOXING = YES;
				GCC_C_LANGUAGE_STANDARD = gnu17;
				GCC_DYNAMIC_NO_PIC = NO;
				GCC_NO_COMMON_BLOCKS = YES;
				GCC_OPTIMIZATION_LEVEL = 0;
				GCC_PREPROCESSOR_DEFINITIONS = (
					"DEBUG=1",
					"$(inherited)",
				);
				GCC_WARN_64_TO_32_BIT_CONVERSION = YES;
				GCC_WARN_ABOUT_RETURN_TYPE = YES_ERROR;
				GCC_WARN_UNDECLARED_SELECTOR = YES;
				GCC_WARN_UNINITIALIZED_AUTOS = YES_AGGRESSIVE;
				GCC_WARN_UNUSED_FUNCTION = YES;
				GCC_WARN_UNUSED_VARIABLE = YES;
				IPHONEOS_DEPLOYMENT_TARGET = 17.4;
				LOCALIZATION_PREFERS_STRING_CATALOGS = YES;
				MTL_ENABLE_DEBUG_INFO = INCLUDE_SOURCE;
				MTL_FAST_MATH = YES;
				ONLY_ACTIVE_ARCH = YES;
				SDKROOT = iphoneos;
				SWIFT_ACTIVE_COMPILATION_CONDITIONS = "DEBUG $(inherited)";
				SWIFT_OPTIMIZATION_LEVEL = "-Onone";
			};
			name = Debug;
		};
		57771BA42BAAC260009C3E1E /* Release */ = {
			isa = XCBuildConfiguration;
			buildSettings = {
				ALWAYS_SEARCH_USER_PATHS = NO;
				ASSETCATALOG_COMPILER_GENERATE_SWIFT_ASSET_SYMBOL_EXTENSIONS = YES;
				CLANG_ANALYZER_NONNULL = YES;
				CLANG_ANALYZER_NUMBER_OBJECT_CONVERSION = YES_AGGRESSIVE;
				CLANG_CXX_LANGUAGE_STANDARD = "gnu++20";
				CLANG_ENABLE_MODULES = YES;
				CLANG_ENABLE_OBJC_ARC = YES;
				CLANG_ENABLE_OBJC_WEAK = YES;
				CLANG_WARN_BLOCK_CAPTURE_AUTORELEASING = YES;
				CLANG_WARN_BOOL_CONVERSION = YES;
				CLANG_WARN_COMMA = YES;
				CLANG_WARN_CONSTANT_CONVERSION = YES;
				CLANG_WARN_DEPRECATED_OBJC_IMPLEMENTATIONS = YES;
				CLANG_WARN_DIRECT_OBJC_ISA_USAGE = YES_ERROR;
				CLANG_WARN_DOCUMENTATION_COMMENTS = YES;
				CLANG_WARN_EMPTY_BODY = YES;
				CLANG_WARN_ENUM_CONVERSION = YES;
				CLANG_WARN_INFINITE_RECURSION = YES;
				CLANG_WARN_INT_CONVERSION = YES;
				CLANG_WARN_NON_LITERAL_NULL_CONVERSION = YES;
				CLANG_WARN_OBJC_IMPLICIT_RETAIN_SELF = YES;
				CLANG_WARN_OBJC_LITERAL_CONVERSION = YES;
				CLANG_WARN_OBJC_ROOT_CLASS = YES_ERROR;
				CLANG_WARN_QUOTED_INCLUDE_IN_FRAMEWORK_HEADER = YES;
				CLANG_WARN_RANGE_LOOP_ANALYSIS = YES;
				CLANG_WARN_STRICT_PROTOTYPES = YES;
				CLANG_WARN_SUSPICIOUS_MOVE = YES;
				CLANG_WARN_UNGUARDED_AVAILABILITY = YES_AGGRESSIVE;
				CLANG_WARN_UNREACHABLE_CODE = YES;
				CLANG_WARN__DUPLICATE_METHOD_MATCH = YES;
				COPY_PHASE_STRIP = NO;
				DEBUG_INFORMATION_FORMAT = "dwarf-with-dsym";
				ENABLE_NS_ASSERTIONS = NO;
				ENABLE_STRICT_OBJC_MSGSEND = YES;
				ENABLE_USER_SCRIPT_SANDBOXING = YES;
				GCC_C_LANGUAGE_STANDARD = gnu17;
				GCC_NO_COMMON_BLOCKS = YES;
				GCC_WARN_64_TO_32_BIT_CONVERSION = YES;
				GCC_WARN_ABOUT_RETURN_TYPE = YES_ERROR;
				GCC_WARN_UNDECLARED_SELECTOR = YES;
				GCC_WARN_UNINITIALIZED_AUTOS = YES_AGGRESSIVE;
				GCC_WARN_UNUSED_FUNCTION = YES;
				GCC_WARN_UNUSED_VARIABLE = YES;
				IPHONEOS_DEPLOYMENT_TARGET = 17.4;
				LOCALIZATION_PREFERS_STRING_CATALOGS = YES;
				MTL_ENABLE_DEBUG_INFO = NO;
				MTL_FAST_MATH = YES;
				SDKROOT = iphoneos;
				SWIFT_COMPILATION_MODE = wholemodule;
				VALIDATE_PRODUCT = YES;
			};
			name = Release;
		};
		57771BA62BAAC260009C3E1E /* Debug */ = {
			isa = XCBuildConfiguration;
			buildSettings = {
				ASSETCATALOG_COMPILER_APPICON_NAME = AppIcon;
				ASSETCATALOG_COMPILER_GLOBAL_ACCENT_COLOR_NAME = AccentColor;
				CODE_SIGN_STYLE = Automatic;
				CURRENT_PROJECT_VERSION = 1;
				DEVELOPMENT_ASSET_PATHS = "\"MC1-project/Preview Content\"";
				DEVELOPMENT_TEAM = 5DFZR8RCQR;
				ENABLE_PREVIEWS = YES;
				GENERATE_INFOPLIST_FILE = YES;
				INFOPLIST_KEY_UIApplicationSceneManifest_Generation = YES;
				INFOPLIST_KEY_UIApplicationSupportsIndirectInputEvents = YES;
				INFOPLIST_KEY_UILaunchScreen_Generation = YES;
				INFOPLIST_KEY_UISupportedInterfaceOrientations_iPad = "UIInterfaceOrientationPortrait UIInterfaceOrientationPortraitUpsideDown UIInterfaceOrientationLandscapeLeft UIInterfaceOrientationLandscapeRight";
				INFOPLIST_KEY_UISupportedInterfaceOrientations_iPhone = "UIInterfaceOrientationPortrait UIInterfaceOrientationLandscapeLeft UIInterfaceOrientationLandscapeRight";
				LD_RUNPATH_SEARCH_PATHS = (
					"$(inherited)",
					"@executable_path/Frameworks",
				);
				MARKETING_VERSION = 1.0;
				PRODUCT_BUNDLE_IDENTIFIER = "kr.co.study.ios.appledeveloperacademy.MC1-project";
				PRODUCT_NAME = "$(TARGET_NAME)";
				SWIFT_EMIT_LOC_STRINGS = YES;
				SWIFT_VERSION = 5.0;
				TARGETED_DEVICE_FAMILY = "1,2";
			};
			name = Debug;
		};
		57771BA72BAAC260009C3E1E /* Release */ = {
			isa = XCBuildConfiguration;
			buildSettings = {
				ASSETCATALOG_COMPILER_APPICON_NAME = AppIcon;
				ASSETCATALOG_COMPILER_GLOBAL_ACCENT_COLOR_NAME = AccentColor;
				CODE_SIGN_STYLE = Automatic;
				CURRENT_PROJECT_VERSION = 1;
				DEVELOPMENT_ASSET_PATHS = "\"MC1-project/Preview Content\"";
				DEVELOPMENT_TEAM = 5DFZR8RCQR;
				ENABLE_PREVIEWS = YES;
				GENERATE_INFOPLIST_FILE = YES;
				INFOPLIST_KEY_UIApplicationSceneManifest_Generation = YES;
				INFOPLIST_KEY_UIApplicationSupportsIndirectInputEvents = YES;
				INFOPLIST_KEY_UILaunchScreen_Generation = YES;
				INFOPLIST_KEY_UISupportedInterfaceOrientations_iPad = "UIInterfaceOrientationPortrait UIInterfaceOrientationPortraitUpsideDown UIInterfaceOrientationLandscapeLeft UIInterfaceOrientationLandscapeRight";
				INFOPLIST_KEY_UISupportedInterfaceOrientations_iPhone = "UIInterfaceOrientationPortrait UIInterfaceOrientationLandscapeLeft UIInterfaceOrientationLandscapeRight";
				LD_RUNPATH_SEARCH_PATHS = (
					"$(inherited)",
					"@executable_path/Frameworks",
				);
				MARKETING_VERSION = 1.0;
				PRODUCT_BUNDLE_IDENTIFIER = "kr.co.study.ios.appledeveloperacademy.MC1-project";
				PRODUCT_NAME = "$(TARGET_NAME)";
				SWIFT_EMIT_LOC_STRINGS = YES;
				SWIFT_VERSION = 5.0;
				TARGETED_DEVICE_FAMILY = "1,2";
			};
			name = Release;
		};
/* End XCBuildConfiguration section */

/* Begin XCConfigurationList section */
		57771B922BAAC25F009C3E1E /* Build configuration list for PBXProject "MC1-project" */ = {
			isa = XCConfigurationList;
			buildConfigurations = (
				57771BA32BAAC260009C3E1E /* Debug */,
				57771BA42BAAC260009C3E1E /* Release */,
			);
			defaultConfigurationIsVisible = 0;
			defaultConfigurationName = Release;
		};
		57771BA52BAAC260009C3E1E /* Build configuration list for PBXNativeTarget "MC1-project" */ = {
			isa = XCConfigurationList;
			buildConfigurations = (
				57771BA62BAAC260009C3E1E /* Debug */,
				57771BA72BAAC260009C3E1E /* Release */,
			);
			defaultConfigurationIsVisible = 0;
			defaultConfigurationName = Release;
		};
/* End XCConfigurationList section */
	};
	rootObject = 57771B8F2BAAC25F009C3E1E /* Project object */;
}
